
Microsoft Visual Studio Solution File, Format Version 12.00
# Visual Studio 15
VisualStudioVersion = 15.0.26124.0
MinimumVisualStudioVersion = 15.0.26124.0
Project("{2150E333-8FDC-42A3-9474-1A3956D46DE8}") = "src", "src", "{916CE879-65EF-4287-A18F-6FCEB95F4D6A}"
EndProject
Project("{F2A71F9B-5D33-465A-A702-920D77279786}") = "ArgParse", "src\ArgParse\ArgParse.fsproj", "{057C559A-85FA-4CB4-BD49-6D7BE112292F}"
EndProject
Project("{2150E333-8FDC-42A3-9474-1A3956D46DE8}") = "days", "days", "{A26AC597-6135-48DD-83A1-D67CDA6A0438}"
EndProject
Project("{F2A71F9B-5D33-465A-A702-920D77279786}") = "Day01Part1", "src\days\Day01Part1\Day01Part1.fsproj", "{62D1F2FF-1BD6-4CA4-8F89-6ED99C7E94A3}"
EndProject
Project("{F2A71F9B-5D33-465A-A702-920D77279786}") = "Day01Part2", "src\days\Day01Part2\Day01Part2.fsproj", "{27A4DEC5-F08C-4AFF-9050-F298A82B7486}"
EndProject
Project("{F2A71F9B-5D33-465A-A702-920D77279786}") = "Day16Part1", "src\days\Day16Part1\Day16Part1.fsproj", "{9CE3A498-4F5A-4693-8FDF-C8DF35725D12}"
EndProject
Global
	GlobalSection(SolutionConfigurationPlatforms) = preSolution
		Debug|Any CPU = Debug|Any CPU
		Debug|x64 = Debug|x64
		Debug|x86 = Debug|x86
		Release|Any CPU = Release|Any CPU
		Release|x64 = Release|x64
		Release|x86 = Release|x86
	EndGlobalSection
	GlobalSection(SolutionProperties) = preSolution
		HideSolutionNode = FALSE
	EndGlobalSection
	GlobalSection(ProjectConfigurationPlatforms) = postSolution
		{057C559A-85FA-4CB4-BD49-6D7BE112292F}.Debug|Any CPU.ActiveCfg = Debug|Any CPU
		{057C559A-85FA-4CB4-BD49-6D7BE112292F}.Debug|Any CPU.Build.0 = Debug|Any CPU
		{057C559A-85FA-4CB4-BD49-6D7BE112292F}.Debug|x64.ActiveCfg = Debug|Any CPU
		{057C559A-85FA-4CB4-BD49-6D7BE112292F}.Debug|x64.Build.0 = Debug|Any CPU
		{057C559A-85FA-4CB4-BD49-6D7BE112292F}.Debug|x86.ActiveCfg = Debug|Any CPU
		{057C559A-85FA-4CB4-BD49-6D7BE112292F}.Debug|x86.Build.0 = Debug|Any CPU
		{057C559A-85FA-4CB4-BD49-6D7BE112292F}.Release|Any CPU.ActiveCfg = Release|Any CPU
		{057C559A-85FA-4CB4-BD49-6D7BE112292F}.Release|Any CPU.Build.0 = Release|Any CPU
		{057C559A-85FA-4CB4-BD49-6D7BE112292F}.Release|x64.ActiveCfg = Release|Any CPU
		{057C559A-85FA-4CB4-BD49-6D7BE112292F}.Release|x64.Build.0 = Release|Any CPU
		{057C559A-85FA-4CB4-BD49-6D7BE112292F}.Release|x86.ActiveCfg = Release|Any CPU
		{057C559A-85FA-4CB4-BD49-6D7BE112292F}.Release|x86.Build.0 = Release|Any CPU
		{62D1F2FF-1BD6-4CA4-8F89-6ED99C7E94A3}.Debug|Any CPU.ActiveCfg = Debug|Any CPU
		{62D1F2FF-1BD6-4CA4-8F89-6ED99C7E94A3}.Debug|Any CPU.Build.0 = Debug|Any CPU
		{62D1F2FF-1BD6-4CA4-8F89-6ED99C7E94A3}.Debug|x64.ActiveCfg = Debug|Any CPU
		{62D1F2FF-1BD6-4CA4-8F89-6ED99C7E94A3}.Debug|x64.Build.0 = Debug|Any CPU
		{62D1F2FF-1BD6-4CA4-8F89-6ED99C7E94A3}.Debug|x86.ActiveCfg = Debug|Any CPU
		{62D1F2FF-1BD6-4CA4-8F89-6ED99C7E94A3}.Debug|x86.Build.0 = Debug|Any CPU
		{62D1F2FF-1BD6-4CA4-8F89-6ED99C7E94A3}.Release|Any CPU.ActiveCfg = Release|Any CPU
		{62D1F2FF-1BD6-4CA4-8F89-6ED99C7E94A3}.Release|Any CPU.Build.0 = Release|Any CPU
		{62D1F2FF-1BD6-4CA4-8F89-6ED99C7E94A3}.Release|x64.ActiveCfg = Release|Any CPU
		{62D1F2FF-1BD6-4CA4-8F89-6ED99C7E94A3}.Release|x64.Build.0 = Release|Any CPU
		{62D1F2FF-1BD6-4CA4-8F89-6ED99C7E94A3}.Release|x86.ActiveCfg = Release|Any CPU
		{62D1F2FF-1BD6-4CA4-8F89-6ED99C7E94A3}.Release|x86.Build.0 = Release|Any CPU
		{27A4DEC5-F08C-4AFF-9050-F298A82B7486}.Debug|Any CPU.ActiveCfg = Debug|Any CPU
		{27A4DEC5-F08C-4AFF-9050-F298A82B7486}.Debug|Any CPU.Build.0 = Debug|Any CPU
		{27A4DEC5-F08C-4AFF-9050-F298A82B7486}.Debug|x64.ActiveCfg = Debug|Any CPU
		{27A4DEC5-F08C-4AFF-9050-F298A82B7486}.Debug|x64.Build.0 = Debug|Any CPU
		{27A4DEC5-F08C-4AFF-9050-F298A82B7486}.Debug|x86.ActiveCfg = Debug|Any CPU
		{27A4DEC5-F08C-4AFF-9050-F298A82B7486}.Debug|x86.Build.0 = Debug|Any CPU
		{27A4DEC5-F08C-4AFF-9050-F298A82B7486}.Release|Any CPU.ActiveCfg = Release|Any CPU
		{27A4DEC5-F08C-4AFF-9050-F298A82B7486}.Release|Any CPU.Build.0 = Release|Any CPU
		{27A4DEC5-F08C-4AFF-9050-F298A82B7486}.Release|x64.ActiveCfg = Release|Any CPU
		{27A4DEC5-F08C-4AFF-9050-F298A82B7486}.Release|x64.Build.0 = Release|Any CPU
		{27A4DEC5-F08C-4AFF-9050-F298A82B7486}.Release|x86.ActiveCfg = Release|Any CPU
		{27A4DEC5-F08C-4AFF-9050-F298A82B7486}.Release|x86.Build.0 = Release|Any CPU
		{9CE3A498-4F5A-4693-8FDF-C8DF35725D12}.Debug|Any CPU.ActiveCfg = Debug|Any CPU
		{9CE3A498-4F5A-4693-8FDF-C8DF35725D12}.Debug|Any CPU.Build.0 = Debug|Any CPU
		{9CE3A498-4F5A-4693-8FDF-C8DF35725D12}.Debug|x64.ActiveCfg = Debug|Any CPU
		{9CE3A498-4F5A-4693-8FDF-C8DF35725D12}.Debug|x64.Build.0 = Debug|Any CPU
		{9CE3A498-4F5A-4693-8FDF-C8DF35725D12}.Debug|x86.ActiveCfg = Debug|Any CPU
		{9CE3A498-4F5A-4693-8FDF-C8DF35725D12}.Debug|x86.Build.0 = Debug|Any CPU
		{9CE3A498-4F5A-4693-8FDF-C8DF35725D12}.Release|Any CPU.ActiveCfg = Release|Any CPU
		{9CE3A498-4F5A-4693-8FDF-C8DF35725D12}.Release|Any CPU.Build.0 = Release|Any CPU
		{9CE3A498-4F5A-4693-8FDF-C8DF35725D12}.Release|x64.ActiveCfg = Release|Any CPU
		{9CE3A498-4F5A-4693-8FDF-C8DF35725D12}.Release|x64.Build.0 = Release|Any CPU
		{9CE3A498-4F5A-4693-8FDF-C8DF35725D12}.Release|x86.ActiveCfg = Release|Any CPU
		{9CE3A498-4F5A-4693-8FDF-C8DF35725D12}.Release|x86.Build.0 = Release|Any CPU
	EndGlobalSection
	GlobalSection(NestedProjects) = preSolution
		{057C559A-85FA-4CB4-BD49-6D7BE112292F} = {916CE879-65EF-4287-A18F-6FCEB95F4D6A}
		{A26AC597-6135-48DD-83A1-D67CDA6A0438} = {916CE879-65EF-4287-A18F-6FCEB95F4D6A}
		{62D1F2FF-1BD6-4CA4-8F89-6ED99C7E94A3} = {A26AC597-6135-48DD-83A1-D67CDA6A0438}
		{27A4DEC5-F08C-4AFF-9050-F298A82B7486} = {A26AC597-6135-48DD-83A1-D67CDA6A0438}
		{9CE3A498-4F5A-4693-8FDF-C8DF35725D12} = {A26AC597-6135-48DD-83A1-D67CDA6A0438}
	EndGlobalSection
EndGlobal
