
Microsoft Visual Studio Solution File, Format Version 12.00
# Visual Studio 15
VisualStudioVersion = 15.0.26124.0
MinimumVisualStudioVersion = 15.0.26124.0
Project("{2150E333-8FDC-42A3-9474-1A3956D46DE8}") = "src", "src", "{916CE879-65EF-4287-A18F-6FCEB95F4D6A}"
EndProject
Project("{F2A71F9B-5D33-465A-A702-920D77279786}") = "ArgParse", "src\ArgParse\ArgParse.fsproj", "{057C559A-85FA-4CB4-BD49-6D7BE112292F}"
EndProject
Project("{2150E333-8FDC-42A3-9474-1A3956D46DE8}") = "days", "days", "{A26AC597-6135-48DD-83A1-D67CDA6A0438}"
EndProject
Project("{F2A71F9B-5D33-465A-A702-920D77279786}") = "Day01Part1", "src\days\Day01Part1\Day01Part1.fsproj", "{62D1F2FF-1BD6-4CA4-8F89-6ED99C7E94A3}"
EndProject
Project("{F2A71F9B-5D33-465A-A702-920D77279786}") = "Day01Part2", "src\days\Day01Part2\Day01Part2.fsproj", "{27A4DEC5-F08C-4AFF-9050-F298A82B7486}"
EndProject
Project("{F2A71F9B-5D33-465A-A702-920D77279786}") = "Day16Part1", "src\days\Day16Part1\Day16Part1.fsproj", "{9CE3A498-4F5A-4693-8FDF-C8DF35725D12}"
EndProject
Project("{F2A71F9B-5D33-465A-A702-920D77279786}") = "Day16Part2", "src\days\Day16Part2\Day16Part2.fsproj", "{E3D6489C-89DE-4FAC-B76D-ED3364717363}"
EndProject
Project("{F2A71F9B-5D33-465A-A702-920D77279786}") = "Day04Part1", "src\days\Day04Part1\Day04Part1.fsproj", "{959844C1-A42F-425A-B006-33B783890D12}"
EndProject
Project("{F2A71F9B-5D33-465A-A702-920D77279786}") = "Day04Part2", "src\days\Day04Part2\Day04Part2.fsproj", "{0B5E11A3-7591-4D4C-8066-B0C65CE5D8A5}"
EndProject
Project("{F2A71F9B-5D33-465A-A702-920D77279786}") = "Day06Part1", "src\days\Day06Part1\Day06Part1.fsproj", "{355B9962-BD2F-4678-AE43-FE881206DCB0}"
EndProject
Project("{F2A71F9B-5D33-465A-A702-920D77279786}") = "Day06Part2", "src\days\Day06Part2\Day06Part2.fsproj", "{5F272258-34CE-4B41-91DC-5BAF5BE3ACD8}"
EndProject
Project("{F2A71F9B-5D33-465A-A702-920D77279786}") = "Day08Part1", "src\days\Day08Part1\Day08Part1.fsproj", "{30A4F9CB-55C4-4625-BC58-2C607978D799}"
EndProject
Global
	GlobalSection(SolutionConfigurationPlatforms) = preSolution
		Debug|Any CPU = Debug|Any CPU
		Debug|x64 = Debug|x64
		Debug|x86 = Debug|x86
		Release|Any CPU = Release|Any CPU
		Release|x64 = Release|x64
		Release|x86 = Release|x86
	EndGlobalSection
	GlobalSection(SolutionProperties) = preSolution
		HideSolutionNode = FALSE
	EndGlobalSection
	GlobalSection(ProjectConfigurationPlatforms) = postSolution
		{057C559A-85FA-4CB4-BD49-6D7BE112292F}.Debug|Any CPU.ActiveCfg = Debug|Any CPU
		{057C559A-85FA-4CB4-BD49-6D7BE112292F}.Debug|Any CPU.Build.0 = Debug|Any CPU
		{057C559A-85FA-4CB4-BD49-6D7BE112292F}.Debug|x64.ActiveCfg = Debug|Any CPU
		{057C559A-85FA-4CB4-BD49-6D7BE112292F}.Debug|x64.Build.0 = Debug|Any CPU
		{057C559A-85FA-4CB4-BD49-6D7BE112292F}.Debug|x86.ActiveCfg = Debug|Any CPU
		{057C559A-85FA-4CB4-BD49-6D7BE112292F}.Debug|x86.Build.0 = Debug|Any CPU
		{057C559A-85FA-4CB4-BD49-6D7BE112292F}.Release|Any CPU.ActiveCfg = Release|Any CPU
		{057C559A-85FA-4CB4-BD49-6D7BE112292F}.Release|Any CPU.Build.0 = Release|Any CPU
		{057C559A-85FA-4CB4-BD49-6D7BE112292F}.Release|x64.ActiveCfg = Release|Any CPU
		{057C559A-85FA-4CB4-BD49-6D7BE112292F}.Release|x64.Build.0 = Release|Any CPU
		{057C559A-85FA-4CB4-BD49-6D7BE112292F}.Release|x86.ActiveCfg = Release|Any CPU
		{057C559A-85FA-4CB4-BD49-6D7BE112292F}.Release|x86.Build.0 = Release|Any CPU
		{62D1F2FF-1BD6-4CA4-8F89-6ED99C7E94A3}.Debug|Any CPU.ActiveCfg = Debug|Any CPU
		{62D1F2FF-1BD6-4CA4-8F89-6ED99C7E94A3}.Debug|Any CPU.Build.0 = Debug|Any CPU
		{62D1F2FF-1BD6-4CA4-8F89-6ED99C7E94A3}.Debug|x64.ActiveCfg = Debug|Any CPU
		{62D1F2FF-1BD6-4CA4-8F89-6ED99C7E94A3}.Debug|x64.Build.0 = Debug|Any CPU
		{62D1F2FF-1BD6-4CA4-8F89-6ED99C7E94A3}.Debug|x86.ActiveCfg = Debug|Any CPU
		{62D1F2FF-1BD6-4CA4-8F89-6ED99C7E94A3}.Debug|x86.Build.0 = Debug|Any CPU
		{62D1F2FF-1BD6-4CA4-8F89-6ED99C7E94A3}.Release|Any CPU.ActiveCfg = Release|Any CPU
		{62D1F2FF-1BD6-4CA4-8F89-6ED99C7E94A3}.Release|Any CPU.Build.0 = Release|Any CPU
		{62D1F2FF-1BD6-4CA4-8F89-6ED99C7E94A3}.Release|x64.ActiveCfg = Release|Any CPU
		{62D1F2FF-1BD6-4CA4-8F89-6ED99C7E94A3}.Release|x64.Build.0 = Release|Any CPU
		{62D1F2FF-1BD6-4CA4-8F89-6ED99C7E94A3}.Release|x86.ActiveCfg = Release|Any CPU
		{62D1F2FF-1BD6-4CA4-8F89-6ED99C7E94A3}.Release|x86.Build.0 = Release|Any CPU
		{27A4DEC5-F08C-4AFF-9050-F298A82B7486}.Debug|Any CPU.ActiveCfg = Debug|Any CPU
		{27A4DEC5-F08C-4AFF-9050-F298A82B7486}.Debug|Any CPU.Build.0 = Debug|Any CPU
		{27A4DEC5-F08C-4AFF-9050-F298A82B7486}.Debug|x64.ActiveCfg = Debug|Any CPU
		{27A4DEC5-F08C-4AFF-9050-F298A82B7486}.Debug|x64.Build.0 = Debug|Any CPU
		{27A4DEC5-F08C-4AFF-9050-F298A82B7486}.Debug|x86.ActiveCfg = Debug|Any CPU
		{27A4DEC5-F08C-4AFF-9050-F298A82B7486}.Debug|x86.Build.0 = Debug|Any CPU
		{27A4DEC5-F08C-4AFF-9050-F298A82B7486}.Release|Any CPU.ActiveCfg = Release|Any CPU
		{27A4DEC5-F08C-4AFF-9050-F298A82B7486}.Release|Any CPU.Build.0 = Release|Any CPU
		{27A4DEC5-F08C-4AFF-9050-F298A82B7486}.Release|x64.ActiveCfg = Release|Any CPU
		{27A4DEC5-F08C-4AFF-9050-F298A82B7486}.Release|x64.Build.0 = Release|Any CPU
		{27A4DEC5-F08C-4AFF-9050-F298A82B7486}.Release|x86.ActiveCfg = Release|Any CPU
		{27A4DEC5-F08C-4AFF-9050-F298A82B7486}.Release|x86.Build.0 = Release|Any CPU
		{9CE3A498-4F5A-4693-8FDF-C8DF35725D12}.Debug|Any CPU.ActiveCfg = Debug|Any CPU
		{9CE3A498-4F5A-4693-8FDF-C8DF35725D12}.Debug|Any CPU.Build.0 = Debug|Any CPU
		{9CE3A498-4F5A-4693-8FDF-C8DF35725D12}.Debug|x64.ActiveCfg = Debug|Any CPU
		{9CE3A498-4F5A-4693-8FDF-C8DF35725D12}.Debug|x64.Build.0 = Debug|Any CPU
		{9CE3A498-4F5A-4693-8FDF-C8DF35725D12}.Debug|x86.ActiveCfg = Debug|Any CPU
		{9CE3A498-4F5A-4693-8FDF-C8DF35725D12}.Debug|x86.Build.0 = Debug|Any CPU
		{9CE3A498-4F5A-4693-8FDF-C8DF35725D12}.Release|Any CPU.ActiveCfg = Release|Any CPU
		{9CE3A498-4F5A-4693-8FDF-C8DF35725D12}.Release|Any CPU.Build.0 = Release|Any CPU
		{9CE3A498-4F5A-4693-8FDF-C8DF35725D12}.Release|x64.ActiveCfg = Release|Any CPU
		{9CE3A498-4F5A-4693-8FDF-C8DF35725D12}.Release|x64.Build.0 = Release|Any CPU
		{9CE3A498-4F5A-4693-8FDF-C8DF35725D12}.Release|x86.ActiveCfg = Release|Any CPU
		{9CE3A498-4F5A-4693-8FDF-C8DF35725D12}.Release|x86.Build.0 = Release|Any CPU
		{E3D6489C-89DE-4FAC-B76D-ED3364717363}.Debug|Any CPU.ActiveCfg = Debug|Any CPU
		{E3D6489C-89DE-4FAC-B76D-ED3364717363}.Debug|Any CPU.Build.0 = Debug|Any CPU
		{E3D6489C-89DE-4FAC-B76D-ED3364717363}.Debug|x64.ActiveCfg = Debug|Any CPU
		{E3D6489C-89DE-4FAC-B76D-ED3364717363}.Debug|x64.Build.0 = Debug|Any CPU
		{E3D6489C-89DE-4FAC-B76D-ED3364717363}.Debug|x86.ActiveCfg = Debug|Any CPU
		{E3D6489C-89DE-4FAC-B76D-ED3364717363}.Debug|x86.Build.0 = Debug|Any CPU
		{E3D6489C-89DE-4FAC-B76D-ED3364717363}.Release|Any CPU.ActiveCfg = Release|Any CPU
		{E3D6489C-89DE-4FAC-B76D-ED3364717363}.Release|Any CPU.Build.0 = Release|Any CPU
		{E3D6489C-89DE-4FAC-B76D-ED3364717363}.Release|x64.ActiveCfg = Release|Any CPU
		{E3D6489C-89DE-4FAC-B76D-ED3364717363}.Release|x64.Build.0 = Release|Any CPU
		{E3D6489C-89DE-4FAC-B76D-ED3364717363}.Release|x86.ActiveCfg = Release|Any CPU
		{E3D6489C-89DE-4FAC-B76D-ED3364717363}.Release|x86.Build.0 = Release|Any CPU
		{959844C1-A42F-425A-B006-33B783890D12}.Debug|Any CPU.ActiveCfg = Debug|Any CPU
		{959844C1-A42F-425A-B006-33B783890D12}.Debug|Any CPU.Build.0 = Debug|Any CPU
		{959844C1-A42F-425A-B006-33B783890D12}.Debug|x64.ActiveCfg = Debug|Any CPU
		{959844C1-A42F-425A-B006-33B783890D12}.Debug|x64.Build.0 = Debug|Any CPU
		{959844C1-A42F-425A-B006-33B783890D12}.Debug|x86.ActiveCfg = Debug|Any CPU
		{959844C1-A42F-425A-B006-33B783890D12}.Debug|x86.Build.0 = Debug|Any CPU
		{959844C1-A42F-425A-B006-33B783890D12}.Release|Any CPU.ActiveCfg = Release|Any CPU
		{959844C1-A42F-425A-B006-33B783890D12}.Release|Any CPU.Build.0 = Release|Any CPU
		{959844C1-A42F-425A-B006-33B783890D12}.Release|x64.ActiveCfg = Release|Any CPU
		{959844C1-A42F-425A-B006-33B783890D12}.Release|x64.Build.0 = Release|Any CPU
		{959844C1-A42F-425A-B006-33B783890D12}.Release|x86.ActiveCfg = Release|Any CPU
		{959844C1-A42F-425A-B006-33B783890D12}.Release|x86.Build.0 = Release|Any CPU
		{0B5E11A3-7591-4D4C-8066-B0C65CE5D8A5}.Debug|Any CPU.ActiveCfg = Debug|Any CPU
		{0B5E11A3-7591-4D4C-8066-B0C65CE5D8A5}.Debug|Any CPU.Build.0 = Debug|Any CPU
		{0B5E11A3-7591-4D4C-8066-B0C65CE5D8A5}.Debug|x64.ActiveCfg = Debug|Any CPU
		{0B5E11A3-7591-4D4C-8066-B0C65CE5D8A5}.Debug|x64.Build.0 = Debug|Any CPU
		{0B5E11A3-7591-4D4C-8066-B0C65CE5D8A5}.Debug|x86.ActiveCfg = Debug|Any CPU
		{0B5E11A3-7591-4D4C-8066-B0C65CE5D8A5}.Debug|x86.Build.0 = Debug|Any CPU
		{0B5E11A3-7591-4D4C-8066-B0C65CE5D8A5}.Release|Any CPU.ActiveCfg = Release|Any CPU
		{0B5E11A3-7591-4D4C-8066-B0C65CE5D8A5}.Release|Any CPU.Build.0 = Release|Any CPU
		{0B5E11A3-7591-4D4C-8066-B0C65CE5D8A5}.Release|x64.ActiveCfg = Release|Any CPU
		{0B5E11A3-7591-4D4C-8066-B0C65CE5D8A5}.Release|x64.Build.0 = Release|Any CPU
		{0B5E11A3-7591-4D4C-8066-B0C65CE5D8A5}.Release|x86.ActiveCfg = Release|Any CPU
		{0B5E11A3-7591-4D4C-8066-B0C65CE5D8A5}.Release|x86.Build.0 = Release|Any CPU
		{355B9962-BD2F-4678-AE43-FE881206DCB0}.Debug|Any CPU.ActiveCfg = Debug|Any CPU
		{355B9962-BD2F-4678-AE43-FE881206DCB0}.Debug|Any CPU.Build.0 = Debug|Any CPU
		{355B9962-BD2F-4678-AE43-FE881206DCB0}.Debug|x64.ActiveCfg = Debug|Any CPU
		{355B9962-BD2F-4678-AE43-FE881206DCB0}.Debug|x64.Build.0 = Debug|Any CPU
		{355B9962-BD2F-4678-AE43-FE881206DCB0}.Debug|x86.ActiveCfg = Debug|Any CPU
		{355B9962-BD2F-4678-AE43-FE881206DCB0}.Debug|x86.Build.0 = Debug|Any CPU
		{355B9962-BD2F-4678-AE43-FE881206DCB0}.Release|Any CPU.ActiveCfg = Release|Any CPU
		{355B9962-BD2F-4678-AE43-FE881206DCB0}.Release|Any CPU.Build.0 = Release|Any CPU
		{355B9962-BD2F-4678-AE43-FE881206DCB0}.Release|x64.ActiveCfg = Release|Any CPU
		{355B9962-BD2F-4678-AE43-FE881206DCB0}.Release|x64.Build.0 = Release|Any CPU
		{355B9962-BD2F-4678-AE43-FE881206DCB0}.Release|x86.ActiveCfg = Release|Any CPU
		{355B9962-BD2F-4678-AE43-FE881206DCB0}.Release|x86.Build.0 = Release|Any CPU
		{5F272258-34CE-4B41-91DC-5BAF5BE3ACD8}.Debug|Any CPU.ActiveCfg = Debug|Any CPU
		{5F272258-34CE-4B41-91DC-5BAF5BE3ACD8}.Debug|Any CPU.Build.0 = Debug|Any CPU
		{5F272258-34CE-4B41-91DC-5BAF5BE3ACD8}.Debug|x64.ActiveCfg = Debug|Any CPU
		{5F272258-34CE-4B41-91DC-5BAF5BE3ACD8}.Debug|x64.Build.0 = Debug|Any CPU
		{5F272258-34CE-4B41-91DC-5BAF5BE3ACD8}.Debug|x86.ActiveCfg = Debug|Any CPU
		{5F272258-34CE-4B41-91DC-5BAF5BE3ACD8}.Debug|x86.Build.0 = Debug|Any CPU
		{5F272258-34CE-4B41-91DC-5BAF5BE3ACD8}.Release|Any CPU.ActiveCfg = Release|Any CPU
		{5F272258-34CE-4B41-91DC-5BAF5BE3ACD8}.Release|Any CPU.Build.0 = Release|Any CPU
		{5F272258-34CE-4B41-91DC-5BAF5BE3ACD8}.Release|x64.ActiveCfg = Release|Any CPU
		{5F272258-34CE-4B41-91DC-5BAF5BE3ACD8}.Release|x64.Build.0 = Release|Any CPU
		{5F272258-34CE-4B41-91DC-5BAF5BE3ACD8}.Release|x86.ActiveCfg = Release|Any CPU
		{5F272258-34CE-4B41-91DC-5BAF5BE3ACD8}.Release|x86.Build.0 = Release|Any CPU
		{30A4F9CB-55C4-4625-BC58-2C607978D799}.Debug|Any CPU.ActiveCfg = Debug|Any CPU
		{30A4F9CB-55C4-4625-BC58-2C607978D799}.Debug|Any CPU.Build.0 = Debug|Any CPU
		{30A4F9CB-55C4-4625-BC58-2C607978D799}.Debug|x64.ActiveCfg = Debug|Any CPU
		{30A4F9CB-55C4-4625-BC58-2C607978D799}.Debug|x64.Build.0 = Debug|Any CPU
		{30A4F9CB-55C4-4625-BC58-2C607978D799}.Debug|x86.ActiveCfg = Debug|Any CPU
		{30A4F9CB-55C4-4625-BC58-2C607978D799}.Debug|x86.Build.0 = Debug|Any CPU
		{30A4F9CB-55C4-4625-BC58-2C607978D799}.Release|Any CPU.ActiveCfg = Release|Any CPU
		{30A4F9CB-55C4-4625-BC58-2C607978D799}.Release|Any CPU.Build.0 = Release|Any CPU
		{30A4F9CB-55C4-4625-BC58-2C607978D799}.Release|x64.ActiveCfg = Release|Any CPU
		{30A4F9CB-55C4-4625-BC58-2C607978D799}.Release|x64.Build.0 = Release|Any CPU
		{30A4F9CB-55C4-4625-BC58-2C607978D799}.Release|x86.ActiveCfg = Release|Any CPU
		{30A4F9CB-55C4-4625-BC58-2C607978D799}.Release|x86.Build.0 = Release|Any CPU
	EndGlobalSection
	GlobalSection(NestedProjects) = preSolution
		{057C559A-85FA-4CB4-BD49-6D7BE112292F} = {916CE879-65EF-4287-A18F-6FCEB95F4D6A}
		{A26AC597-6135-48DD-83A1-D67CDA6A0438} = {916CE879-65EF-4287-A18F-6FCEB95F4D6A}
		{62D1F2FF-1BD6-4CA4-8F89-6ED99C7E94A3} = {A26AC597-6135-48DD-83A1-D67CDA6A0438}
		{27A4DEC5-F08C-4AFF-9050-F298A82B7486} = {A26AC597-6135-48DD-83A1-D67CDA6A0438}
		{9CE3A498-4F5A-4693-8FDF-C8DF35725D12} = {A26AC597-6135-48DD-83A1-D67CDA6A0438}
		{E3D6489C-89DE-4FAC-B76D-ED3364717363} = {A26AC597-6135-48DD-83A1-D67CDA6A0438}
		{959844C1-A42F-425A-B006-33B783890D12} = {A26AC597-6135-48DD-83A1-D67CDA6A0438}
		{0B5E11A3-7591-4D4C-8066-B0C65CE5D8A5} = {A26AC597-6135-48DD-83A1-D67CDA6A0438}
		{355B9962-BD2F-4678-AE43-FE881206DCB0} = {A26AC597-6135-48DD-83A1-D67CDA6A0438}
		{5F272258-34CE-4B41-91DC-5BAF5BE3ACD8} = {A26AC597-6135-48DD-83A1-D67CDA6A0438}
		{30A4F9CB-55C4-4625-BC58-2C607978D799} = {A26AC597-6135-48DD-83A1-D67CDA6A0438}
	EndGlobalSection
EndGlobal
